# This file was autogenerated by Stack.
# You should not edit this file by hand.
# For more information, please see the documentation at:
#   https://docs.haskellstack.org/en/stable/lock_files

packages:
- completed:
    hackage: net-mqtt-0.6.2.3@sha256:3c2201ad7021a07bccd8bb0c64a8450451085ddd03178f2a916e7951d4e7260a,4131
    pantry-tree:
      size: 700
      sha256: d8baf796ada475bf15e145bcb316e4d6cd392308deed90be863c6ffc5b82047d
  original:
    hackage: net-mqtt-0.6.2.3
snapshots:
- completed:
    size: 492027
    url: https://raw.githubusercontent.com/commercialhaskell/stackage-snapshots/master/lts/15/9.yaml
    sha256: 11394dc975e96c2fea90f7f2b3229630d46351a092ebcec78f0a56403930b429
  original: lts-15.9
